
Microsoft Visual Studio Solution File, Format Version 12.00
# Visual Studio Version 17
VisualStudioVersion = 17.1.32328.378
MinimumVisualStudioVersion = 10.0.40219.1
Project("{FAE04EC0-301F-11D3-BF4B-00C04F79EFBC}") = "Exam", "Exam.csproj", "{BC16D9AB-9DF3-456A-A59C-A9C281FFAD47}"
EndProject
Global
	GlobalSection(SolutionConfigurationPlatforms) = preSolution
		Debug|Any CPU = Debug|Any CPU
		Release|Any CPU = Release|Any CPU
	EndGlobalSection
	GlobalSection(ProjectConfigurationPlatforms) = postSolution
		{BC16D9AB-9DF3-456A-A59C-A9C281FFAD47}.Debug|Any CPU.ActiveCfg = Debug|Any CPU
		{BC16D9AB-9DF3-456A-A59C-A9C281FFAD47}.Debug|Any CPU.Build.0 = Debug|Any CPU
		{BC16D9AB-9DF3-456A-A59C-A9C281FFAD47}.Release|Any CPU.ActiveCfg = Release|Any CPU
		{BC16D9AB-9DF3-456A-A59C-A9C281FFAD47}.Release|Any CPU.Build.0 = Release|Any CPU
	EndGlobalSection
	GlobalSection(SolutionProperties) = preSolution
		HideSolutionNode = FALSE
	EndGlobalSection
	GlobalSection(ExtensibilityGlobals) = postSolution
		SolutionGuid = {1DA80589-8213-48CF-9018-901D36615CC6}
	EndGlobalSection
EndGlobal
